
Microsoft Visual Studio Solution File, Format Version 12.00
# Visual Studio Version 17
VisualStudioVersion = 17.2.32505.173
MinimumVisualStudioVersion = 10.0.40219.1
Project("{8BC9CEB8-8B4A-11D0-8D11-00A0C91BC942}") = "PGHooker", "PGHooker.vcxproj", "{77A8388A-D5DC-4912-A4AC-151FF40637F3}"
EndProject
Global
	GlobalSection(SolutionConfigurationPlatforms) = preSolution
		Release|x64 = Release|x64
		Release|x86 = Release|x86
	EndGlobalSection
	GlobalSection(ProjectConfigurationPlatforms) = postSolution
		{77A8388A-D5DC-4912-A4AC-151FF40637F3}.Release|x64.ActiveCfg = Release|x64
		{77A8388A-D5DC-4912-A4AC-151FF40637F3}.Release|x64.Build.0 = Release|x64
		{77A8388A-D5DC-4912-A4AC-151FF40637F3}.Release|x86.ActiveCfg = Release|Win32
		{77A8388A-D5DC-4912-A4AC-151FF40637F3}.Release|x86.Build.0 = Release|Win32
	EndGlobalSection
	GlobalSection(SolutionProperties) = preSolution
		HideSolutionNode = FALSE
	EndGlobalSection
	GlobalSection(ExtensibilityGlobals) = postSolution
		SolutionGuid = {9436AC01-2E73-4A9E-89C6-D176D33653C0}
	EndGlobalSection
EndGlobal
